{
  "object": {
    "pins": [
      {
        "package": "GSPlayer",
        "repositoryURL": "https://github.com/wxxsw/GSPlayer.git",
        "state": {
          "branch": null,
          "revision": "5904551cf33e0c38831fdc56c6a2c9770eadc30d",
          "version": "0.2.25"
        }
      },
      {
        "package": "Kingfisher",
        "repositoryURL": "https://github.com/onevcat/Kingfisher",
        "state": {
          "branch": null,
          "revision": "ffc614446cab6ae106619606698d642c23ed25be",
          "version": "5.15.3"
        }
      },
      {
        "package": "VideoPlayer",
        "repositoryURL": "https://github.com/wxxsw/VideoPlayer",
        "state": {
          "branch": null,
          "revision": "73a30d2cc0b58e9a8e063b0333022dc636b45946",
          "version": "1.1.6"
        }
      }
    ]
  },
  "version": 1
}
